{
  "name": "schedule.io",
  "lockfileVersion": 2,
  "requires": true,
  "packages": {
    "": {
      "dependencies": {
        "@syncfusion/ej2-react-schedule": "^20.3.47",
        "mysql": "^2.18.1"
      }
    },
    "node_modules/@syncfusion/ej2-base": {
      "version": "20.3.47",
      "resolved": "https://registry.npmjs.org/@syncfusion/ej2-base/-/ej2-base-20.3.47.tgz",
      "integrity": "sha512-KxNtnDihagW+RzAEUi2cW9LzIeOYowGnOPa8OIXvWWhPg9YcbkAZwP53oM21/Ob3zQR7V/f37/zfjRXdBSwRTg==",
      "dependencies": {
        "@syncfusion/ej2-icons": "~20.3.47"
      },
      "bin": {
        "syncfusion-license": "bin/syncfusion-license.js"
      }
    },
    "node_modules/@syncfusion/ej2-buttons": {
      "version": "20.3.47",
      "resolved": "https://registry.npmjs.org/@syncfusion/ej2-buttons/-/ej2-buttons-20.3.47.tgz",
      "integrity": "sha512-UvDGYww4b5s9AjWVSylK6O41jDfVGseeM6ZP7XYV2J4SxBsWBzhqwt6s3CCw8L1sQy0mpL3e6TVtyAx2lYkSoQ==",
      "dependencies": {
        "@syncfusion/ej2-base": "~20.3.47"
      }
    },
    "node_modules/@syncfusion/ej2-calendars": {
      "version": "20.3.47",
      "resolved": "https://registry.npmjs.org/@syncfusion/ej2-calendars/-/ej2-calendars-20.3.47.tgz",
      "integrity": "sha512-MZQiEG8K2AB6Y++aVHyhP+uk1VyIkdTTjl18l6Krd6VSySGwKhCG96U0MlykRPiXg6iJSQk4VtiNCyaZoQL2lw==",
      "dependencies": {
        "@syncfusion/ej2-base": "~20.3.47",
        "@syncfusion/ej2-buttons": "~20.3.47",
        "@syncfusion/ej2-inputs": "~20.3.47",
        "@syncfusion/ej2-lists": "~20.3.47",
        "@syncfusion/ej2-popups": "~20.3.47"
      }
    },
    "node_modules/@syncfusion/ej2-compression": {
      "version": "20.3.47",
      "resolved": "https://registry.npmjs.org/@syncfusion/ej2-compression/-/ej2-compression-20.3.47.tgz",
      "integrity": "sha512-IsVWdDwkEHMJmXug5PtlQXANbj9ZrGFmlPpH+LysulW2RrJWvyATl0CJpynjtD2MPqOuaD+LSTh3vu3WrIP7wg==",
      "dependencies": {
        "@syncfusion/ej2-file-utils": "~20.3.47"
      }
    },
    "node_modules/@syncfusion/ej2-data": {
      "version": "20.3.47",
      "resolved": "https://registry.npmjs.org/@syncfusion/ej2-data/-/ej2-data-20.3.47.tgz",
      "integrity": "sha512-Rd8v7LWCFHNKVd7+sra2pvoclKfCdmSS3OTHzO18H9uipXo9E1TNLOPzfhtp0eR6MCYd2jzfatTtNfyVVKu/6w==",
      "dependencies": {
        "@syncfusion/ej2-base": "~20.3.47"
      }
    },
    "node_modules/@syncfusion/ej2-dropdowns": {
      "version": "20.3.47",
      "resolved": "https://registry.npmjs.org/@syncfusion/ej2-dropdowns/-/ej2-dropdowns-20.3.47.tgz",
      "integrity": "sha512-r8bMCuGWZ/0xSvl1y7M/2nQ9uLIJIbob1TJK6M7RUFvO7MqsPz/qxYdOfHPOuDawJi27Pl5zLMC+xLbZ7XH2Hw==",
      "dependencies": {
        "@syncfusion/ej2-base": "~20.3.47",
        "@syncfusion/ej2-data": "~20.3.47",
        "@syncfusion/ej2-inputs": "~20.3.47",
        "@syncfusion/ej2-lists": "~20.3.47",
        "@syncfusion/ej2-navigations": "~20.3.47",
        "@syncfusion/ej2-popups": "~20.3.47"
      }
    },
    "node_modules/@syncfusion/ej2-excel-export": {
      "version": "20.3.47",
      "resolved": "https://registry.npmjs.org/@syncfusion/ej2-excel-export/-/ej2-excel-export-20.3.47.tgz",
      "integrity": "sha512-fgaM/63m8rXNCXNP2yKU4aue7Sn17Ed7doUGPGf8RA+wtfAwyrKK5br1PA/PErUY1IOfSLcaq+mpLRxW9oCjzA==",
      "dependencies": {
        "@syncfusion/ej2-base": "~20.3.47",
        "@syncfusion/ej2-compression": "~20.3.47"
      }
    },
    "node_modules/@syncfusion/ej2-file-utils": {
      "version": "20.3.47",
      "resolved": "https://registry.npmjs.org/@syncfusion/ej2-file-utils/-/ej2-file-utils-20.3.47.tgz",
      "integrity": "sha512-OKoQIXMuzyeGVTAAwnkTQMAhfJdtzpqmJLjCUV+dyvQBO1wldftgnr5iXGvL3Faa8fEkQPmOZeI7FGS6rPc/UA=="
    },
    "node_modules/@syncfusion/ej2-icons": {
      "version": "20.3.47",
      "resolved": "https://registry.npmjs.org/@syncfusion/ej2-icons/-/ej2-icons-20.3.47.tgz",
      "integrity": "sha512-5uQEkkyene5mm/o1G7GMSJqmSrFOWFyuJdEIqzZYBzr+7hwlq6P919A/XR3eDBJSIz1wTN65bTQ9SCl4j/us1g=="
    },
    "node_modules/@syncfusion/ej2-inputs": {
      "version": "20.3.47",
      "resolved": "https://registry.npmjs.org/@syncfusion/ej2-inputs/-/ej2-inputs-20.3.47.tgz",
      "integrity": "sha512-eW//KpJDB4PY7vTCcjl5OlQgpIgEt9R6i92CDfjUdrBJS5oD7TtWrdWHzbmYQHiUJap88GFR29/TbZwxyvaOZw==",
      "dependencies": {
        "@syncfusion/ej2-base": "~20.3.47",
        "@syncfusion/ej2-buttons": "~20.3.47",
        "@syncfusion/ej2-popups": "~20.3.47",
        "@syncfusion/ej2-splitbuttons": "~20.3.47"
      }
    },
    "node_modules/@syncfusion/ej2-lists": {
      "version": "20.3.47",
      "resolved": "https://registry.npmjs.org/@syncfusion/ej2-lists/-/ej2-lists-20.3.47.tgz",
      "integrity": "sha512-8TnBaltCBioqKef4g0/LVSuPOHGK0fnNcTYj3LrR6s2mV0NScZtbMCbDSWQu1T4mHAzxYAsm5jCa6Y6lx2h66g==",
      "dependencies": {
        "@syncfusion/ej2-base": "~20.3.47",
        "@syncfusion/ej2-buttons": "~20.3.47",
        "@syncfusion/ej2-data": "~20.3.47"
      }
    },
    "node_modules/@syncfusion/ej2-navigations": {
      "version": "20.3.47",
      "resolved": "https://registry.npmjs.org/@syncfusion/ej2-navigations/-/ej2-navigations-20.3.47.tgz",
      "integrity": "sha512-vVuYygNaU47aln9o1nGgDE9HmnRr/vhbXmCWNozKm8KB1jKDSLVEKxV9+q/I8q8VLwziW4bkha0893ezNpN2Ag==",
      "dependencies": {
        "@syncfusion/ej2-base": "~20.3.47",
        "@syncfusion/ej2-buttons": "~20.3.47",
        "@syncfusion/ej2-data": "~20.3.47",
        "@syncfusion/ej2-inputs": "~20.3.47",
        "@syncfusion/ej2-lists": "~20.3.47",
        "@syncfusion/ej2-popups": "~20.3.47"
      }
    },
    "node_modules/@syncfusion/ej2-popups": {
      "version": "20.3.47",
      "resolved": "https://registry.npmjs.org/@syncfusion/ej2-popups/-/ej2-popups-20.3.47.tgz",
      "integrity": "sha512-5MMkdB4hk0/thA8oxeSA93z83ci/D1nQV7leo03wUacutU7KE4Wq2eT5fmkYikmbjw8JcKA6Xlxc/NfwWEDFqQ==",
      "dependencies": {
        "@syncfusion/ej2-base": "~20.3.47",
        "@syncfusion/ej2-buttons": "~20.3.47"
      }
    },
    "node_modules/@syncfusion/ej2-react-base": {
      "version": "20.3.47",
      "resolved": "https://registry.npmjs.org/@syncfusion/ej2-react-base/-/ej2-react-base-20.3.47.tgz",
      "integrity": "sha512-x1FNcohhHNvUfvoDVP/jvwmXz65LHP3hKRQIwPxaPby5lM1OzHUecWuIT+6JTc4dat++14c35EAbC6sqr1PrhA==",
      "dependencies": {
        "@syncfusion/ej2-base": "~20.3.47"
      }
    },
    "node_modules/@syncfusion/ej2-react-schedule": {
      "version": "20.3.47",
      "resolved": "https://registry.npmjs.org/@syncfusion/ej2-react-schedule/-/ej2-react-schedule-20.3.47.tgz",
      "integrity": "sha512-wGPKNlgZV9oug/9I3+y5+w1KzpcmUlFNDSAxyiGZJgzBp1Coe/RHzIdO0/aeFYEclqcDhMak8nH1daNsD6e2Nw==",
      "dependencies": {
        "@syncfusion/ej2-base": "~20.3.47",
        "@syncfusion/ej2-react-base": "~20.3.47",
        "@syncfusion/ej2-schedule": "20.3.47"
      }
    },
    "node_modules/@syncfusion/ej2-schedule": {
      "version": "20.3.47",
      "resolved": "https://registry.npmjs.org/@syncfusion/ej2-schedule/-/ej2-schedule-20.3.47.tgz",
      "integrity": "sha512-KGd5cPhG6Lic3y//0ww9g3gDabfIrX1NHiJGBPzKGsWFM32PAoOlNr6VUACfISXV9TuYvbiXdiLqHCJPVf5P5g==",
      "dependencies": {
        "@syncfusion/ej2-base": "~20.3.47",
        "@syncfusion/ej2-buttons": "~20.3.47",
        "@syncfusion/ej2-calendars": "~20.3.47",
        "@syncfusion/ej2-data": "~20.3.47",
        "@syncfusion/ej2-dropdowns": "~20.3.47",
        "@syncfusion/ej2-excel-export": "~20.3.47",
        "@syncfusion/ej2-inputs": "~20.3.47",
        "@syncfusion/ej2-lists": "~20.3.47",
        "@syncfusion/ej2-navigations": "~20.3.47",
        "@syncfusion/ej2-popups": "~20.3.47"
      }
    },
    "node_modules/@syncfusion/ej2-splitbuttons": {
      "version": "20.3.47",
      "resolved": "https://registry.npmjs.org/@syncfusion/ej2-splitbuttons/-/ej2-splitbuttons-20.3.47.tgz",
      "integrity": "sha512-0yPicWMdBzXgUTz3R7kOftBF8T5PXWcirES9KqMeR2Nn1ERt7r7VCSaGlVVtevWmxdPMaRMbyql6taXqiP78Ug==",
      "dependencies": {
        "@syncfusion/ej2-base": "~20.3.47",
        "@syncfusion/ej2-popups": "~20.3.47"
      }
    },
    "node_modules/bignumber.js": {
      "version": "9.0.0",
      "resolved": "https://registry.npmjs.org/bignumber.js/-/bignumber.js-9.0.0.tgz",
      "integrity": "sha512-t/OYhhJ2SD+YGBQcjY8GzzDHEk9f3nerxjtfa6tlMXfe7frs/WozhvCNoGvpM0P3bNf3Gq5ZRMlGr5f3r4/N8A==",
      "engines": {
        "node": "*"
      }
    },
    "node_modules/core-util-is": {
      "version": "1.0.3",
      "resolved": "https://registry.npmjs.org/core-util-is/-/core-util-is-1.0.3.tgz",
      "integrity": "sha512-ZQBvi1DcpJ4GDqanjucZ2Hj3wEO5pZDS89BWbkcrvdxksJorwUDDZamX9ldFkp9aw2lmBDLgkObEA4DWNJ9FYQ=="
    },
    "node_modules/inherits": {
      "version": "2.0.4",
      "resolved": "https://registry.npmjs.org/inherits/-/inherits-2.0.4.tgz",
      "integrity": "sha512-k/vGaX4/Yla3WzyMCvTQOXYeIHvqOKtnqBduzTHpzpQZzAskKMhZ2K+EnBiSM9zGSoIFeMpXKxa4dYeZIQqewQ=="
    },
    "node_modules/isarray": {
      "version": "1.0.0",
      "resolved": "https://registry.npmjs.org/isarray/-/isarray-1.0.0.tgz",
      "integrity": "sha512-VLghIWNM6ELQzo7zwmcg0NmTVyWKYjvIeM83yjp0wRDTmUnrM678fQbcKBo6n2CJEF0szoG//ytg+TKla89ALQ=="
    },
    "node_modules/mysql": {
      "version": "2.18.1",
      "resolved": "https://registry.npmjs.org/mysql/-/mysql-2.18.1.tgz",
      "integrity": "sha512-Bca+gk2YWmqp2Uf6k5NFEurwY/0td0cpebAucFpY/3jhrwrVGuxU2uQFCHjU19SJfje0yQvi+rVWdq78hR5lig==",
      "dependencies": {
        "bignumber.js": "9.0.0",
        "readable-stream": "2.3.7",
        "safe-buffer": "5.1.2",
        "sqlstring": "2.3.1"
      },
      "engines": {
        "node": ">= 0.6"
      }
    },
    "node_modules/process-nextick-args": {
      "version": "2.0.1",
      "resolved": "https://registry.npmjs.org/process-nextick-args/-/process-nextick-args-2.0.1.tgz",
      "integrity": "sha512-3ouUOpQhtgrbOa17J7+uxOTpITYWaGP7/AhoR3+A+/1e9skrzelGi/dXzEYyvbxubEF6Wn2ypscTKiKJFFn1ag=="
    },
    "node_modules/readable-stream": {
      "version": "2.3.7",
      "resolved": "https://registry.npmjs.org/readable-stream/-/readable-stream-2.3.7.tgz",
      "integrity": "sha512-Ebho8K4jIbHAxnuxi7o42OrZgF/ZTNcsZj6nRKyUmkhLFq8CHItp/fy6hQZuZmP/n3yZ9VBUbp4zz/mX8hmYPw==",
      "dependencies": {
        "core-util-is": "~1.0.0",
        "inherits": "~2.0.3",
        "isarray": "~1.0.0",
        "process-nextick-args": "~2.0.0",
        "safe-buffer": "~5.1.1",
        "string_decoder": "~1.1.1",
        "util-deprecate": "~1.0.1"
      }
    },
    "node_modules/safe-buffer": {
      "version": "5.1.2",
      "resolved": "https://registry.npmjs.org/safe-buffer/-/safe-buffer-5.1.2.tgz",
      "integrity": "sha512-Gd2UZBJDkXlY7GbJxfsE8/nvKkUEU1G38c1siN6QP6a9PT9MmHB8GnpscSmMJSoF8LOIrt8ud/wPtojys4G6+g=="
    },
    "node_modules/sqlstring": {
      "version": "2.3.1",
      "resolved": "https://registry.npmjs.org/sqlstring/-/sqlstring-2.3.1.tgz",
      "integrity": "sha512-ooAzh/7dxIG5+uDik1z/Rd1vli0+38izZhGzSa34FwR7IbelPWCCKSNIl8jlL/F7ERvy8CB2jNeM1E9i9mXMAQ==",
      "engines": {
        "node": ">= 0.6"
      }
    },
    "node_modules/string_decoder": {
      "version": "1.1.1",
      "resolved": "https://registry.npmjs.org/string_decoder/-/string_decoder-1.1.1.tgz",
      "integrity": "sha512-n/ShnvDi6FHbbVfviro+WojiFzv+s8MPMHBczVePfUpDJLwoLT0ht1l4YwBCbi8pJAveEEdnkHyPyTP/mzRfwg==",
      "dependencies": {
        "safe-buffer": "~5.1.0"
      }
    },
    "node_modules/util-deprecate": {
      "version": "1.0.2",
      "resolved": "https://registry.npmjs.org/util-deprecate/-/util-deprecate-1.0.2.tgz",
      "integrity": "sha512-EPD5q1uXyFxJpCrLnCc1nHnq3gOa6DZBocAIiI2TaSCA7VCJ1UJDMagCzIkXNsUYfD1daK//LTEQ8xiIbrHtcw=="
    }
  },
  "dependencies": {
    "@syncfusion/ej2-base": {
      "version": "20.3.47",
      "resolved": "https://registry.npmjs.org/@syncfusion/ej2-base/-/ej2-base-20.3.47.tgz",
      "integrity": "sha512-KxNtnDihagW+RzAEUi2cW9LzIeOYowGnOPa8OIXvWWhPg9YcbkAZwP53oM21/Ob3zQR7V/f37/zfjRXdBSwRTg==",
      "requires": {
        "@syncfusion/ej2-icons": "~20.3.47"
      }
    },
    "@syncfusion/ej2-buttons": {
      "version": "20.3.47",
      "resolved": "https://registry.npmjs.org/@syncfusion/ej2-buttons/-/ej2-buttons-20.3.47.tgz",
      "integrity": "sha512-UvDGYww4b5s9AjWVSylK6O41jDfVGseeM6ZP7XYV2J4SxBsWBzhqwt6s3CCw8L1sQy0mpL3e6TVtyAx2lYkSoQ==",
      "requires": {
        "@syncfusion/ej2-base": "~20.3.47"
      }
    },
    "@syncfusion/ej2-calendars": {
      "version": "20.3.47",
      "resolved": "https://registry.npmjs.org/@syncfusion/ej2-calendars/-/ej2-calendars-20.3.47.tgz",
      "integrity": "sha512-MZQiEG8K2AB6Y++aVHyhP+uk1VyIkdTTjl18l6Krd6VSySGwKhCG96U0MlykRPiXg6iJSQk4VtiNCyaZoQL2lw==",
      "requires": {
        "@syncfusion/ej2-base": "~20.3.47",
        "@syncfusion/ej2-buttons": "~20.3.47",
        "@syncfusion/ej2-inputs": "~20.3.47",
        "@syncfusion/ej2-lists": "~20.3.47",
        "@syncfusion/ej2-popups": "~20.3.47"
      }
    },
    "@syncfusion/ej2-compression": {
      "version": "20.3.47",
      "resolved": "https://registry.npmjs.org/@syncfusion/ej2-compression/-/ej2-compression-20.3.47.tgz",
      "integrity": "sha512-IsVWdDwkEHMJmXug5PtlQXANbj9ZrGFmlPpH+LysulW2RrJWvyATl0CJpynjtD2MPqOuaD+LSTh3vu3WrIP7wg==",
      "requires": {
        "@syncfusion/ej2-file-utils": "~20.3.47"
      }
    },
    "@syncfusion/ej2-data": {
      "version": "20.3.47",
      "resolved": "https://registry.npmjs.org/@syncfusion/ej2-data/-/ej2-data-20.3.47.tgz",
      "integrity": "sha512-Rd8v7LWCFHNKVd7+sra2pvoclKfCdmSS3OTHzO18H9uipXo9E1TNLOPzfhtp0eR6MCYd2jzfatTtNfyVVKu/6w==",
      "requires": {
        "@syncfusion/ej2-base": "~20.3.47"
      }
    },
    "@syncfusion/ej2-dropdowns": {
      "version": "20.3.47",
      "resolved": "https://registry.npmjs.org/@syncfusion/ej2-dropdowns/-/ej2-dropdowns-20.3.47.tgz",
      "integrity": "sha512-r8bMCuGWZ/0xSvl1y7M/2nQ9uLIJIbob1TJK6M7RUFvO7MqsPz/qxYdOfHPOuDawJi27Pl5zLMC+xLbZ7XH2Hw==",
      "requires": {
        "@syncfusion/ej2-base": "~20.3.47",
        "@syncfusion/ej2-data": "~20.3.47",
        "@syncfusion/ej2-inputs": "~20.3.47",
        "@syncfusion/ej2-lists": "~20.3.47",
        "@syncfusion/ej2-navigations": "~20.3.47",
        "@syncfusion/ej2-popups": "~20.3.47"
      }
    },
    "@syncfusion/ej2-excel-export": {
      "version": "20.3.47",
      "resolved": "https://registry.npmjs.org/@syncfusion/ej2-excel-export/-/ej2-excel-export-20.3.47.tgz",
      "integrity": "sha512-fgaM/63m8rXNCXNP2yKU4aue7Sn17Ed7doUGPGf8RA+wtfAwyrKK5br1PA/PErUY1IOfSLcaq+mpLRxW9oCjzA==",
      "requires": {
        "@syncfusion/ej2-base": "~20.3.47",
        "@syncfusion/ej2-compression": "~20.3.47"
      }
    },
    "@syncfusion/ej2-file-utils": {
      "version": "20.3.47",
      "resolved": "https://registry.npmjs.org/@syncfusion/ej2-file-utils/-/ej2-file-utils-20.3.47.tgz",
      "integrity": "sha512-OKoQIXMuzyeGVTAAwnkTQMAhfJdtzpqmJLjCUV+dyvQBO1wldftgnr5iXGvL3Faa8fEkQPmOZeI7FGS6rPc/UA=="
    },
    "@syncfusion/ej2-icons": {
      "version": "20.3.47",
      "resolved": "https://registry.npmjs.org/@syncfusion/ej2-icons/-/ej2-icons-20.3.47.tgz",
      "integrity": "sha512-5uQEkkyene5mm/o1G7GMSJqmSrFOWFyuJdEIqzZYBzr+7hwlq6P919A/XR3eDBJSIz1wTN65bTQ9SCl4j/us1g=="
    },
    "@syncfusion/ej2-inputs": {
      "version": "20.3.47",
      "resolved": "https://registry.npmjs.org/@syncfusion/ej2-inputs/-/ej2-inputs-20.3.47.tgz",
      "integrity": "sha512-eW//KpJDB4PY7vTCcjl5OlQgpIgEt9R6i92CDfjUdrBJS5oD7TtWrdWHzbmYQHiUJap88GFR29/TbZwxyvaOZw==",
      "requires": {
        "@syncfusion/ej2-base": "~20.3.47",
        "@syncfusion/ej2-buttons": "~20.3.47",
        "@syncfusion/ej2-popups": "~20.3.47",
        "@syncfusion/ej2-splitbuttons": "~20.3.47"
      }
    },
    "@syncfusion/ej2-lists": {
      "version": "20.3.47",
      "resolved": "https://registry.npmjs.org/@syncfusion/ej2-lists/-/ej2-lists-20.3.47.tgz",
      "integrity": "sha512-8TnBaltCBioqKef4g0/LVSuPOHGK0fnNcTYj3LrR6s2mV0NScZtbMCbDSWQu1T4mHAzxYAsm5jCa6Y6lx2h66g==",
      "requires": {
        "@syncfusion/ej2-base": "~20.3.47",
        "@syncfusion/ej2-buttons": "~20.3.47",
        "@syncfusion/ej2-data": "~20.3.47"
      }
    },
    "@syncfusion/ej2-navigations": {
      "version": "20.3.47",
      "resolved": "https://registry.npmjs.org/@syncfusion/ej2-navigations/-/ej2-navigations-20.3.47.tgz",
      "integrity": "sha512-vVuYygNaU47aln9o1nGgDE9HmnRr/vhbXmCWNozKm8KB1jKDSLVEKxV9+q/I8q8VLwziW4bkha0893ezNpN2Ag==",
      "requires": {
        "@syncfusion/ej2-base": "~20.3.47",
        "@syncfusion/ej2-buttons": "~20.3.47",
        "@syncfusion/ej2-data": "~20.3.47",
        "@syncfusion/ej2-inputs": "~20.3.47",
        "@syncfusion/ej2-lists": "~20.3.47",
        "@syncfusion/ej2-popups": "~20.3.47"
      }
    },
    "@syncfusion/ej2-popups": {
      "version": "20.3.47",
      "resolved": "https://registry.npmjs.org/@syncfusion/ej2-popups/-/ej2-popups-20.3.47.tgz",
      "integrity": "sha512-5MMkdB4hk0/thA8oxeSA93z83ci/D1nQV7leo03wUacutU7KE4Wq2eT5fmkYikmbjw8JcKA6Xlxc/NfwWEDFqQ==",
      "requires": {
        "@syncfusion/ej2-base": "~20.3.47",
        "@syncfusion/ej2-buttons": "~20.3.47"
      }
    },
    "@syncfusion/ej2-react-base": {
      "version": "20.3.47",
      "resolved": "https://registry.npmjs.org/@syncfusion/ej2-react-base/-/ej2-react-base-20.3.47.tgz",
      "integrity": "sha512-x1FNcohhHNvUfvoDVP/jvwmXz65LHP3hKRQIwPxaPby5lM1OzHUecWuIT+6JTc4dat++14c35EAbC6sqr1PrhA==",
      "requires": {
        "@syncfusion/ej2-base": "~20.3.47"
      }
    },
    "@syncfusion/ej2-react-schedule": {
      "version": "20.3.47",
      "resolved": "https://registry.npmjs.org/@syncfusion/ej2-react-schedule/-/ej2-react-schedule-20.3.47.tgz",
      "integrity": "sha512-wGPKNlgZV9oug/9I3+y5+w1KzpcmUlFNDSAxyiGZJgzBp1Coe/RHzIdO0/aeFYEclqcDhMak8nH1daNsD6e2Nw==",
      "requires": {
        "@syncfusion/ej2-base": "~20.3.47",
        "@syncfusion/ej2-react-base": "~20.3.47",
        "@syncfusion/ej2-schedule": "20.3.47"
      }
    },
    "@syncfusion/ej2-schedule": {
      "version": "20.3.47",
      "resolved": "https://registry.npmjs.org/@syncfusion/ej2-schedule/-/ej2-schedule-20.3.47.tgz",
      "integrity": "sha512-KGd5cPhG6Lic3y//0ww9g3gDabfIrX1NHiJGBPzKGsWFM32PAoOlNr6VUACfISXV9TuYvbiXdiLqHCJPVf5P5g==",
      "requires": {
        "@syncfusion/ej2-base": "~20.3.47",
        "@syncfusion/ej2-buttons": "~20.3.47",
        "@syncfusion/ej2-calendars": "~20.3.47",
        "@syncfusion/ej2-data": "~20.3.47",
        "@syncfusion/ej2-dropdowns": "~20.3.47",
        "@syncfusion/ej2-excel-export": "~20.3.47",
        "@syncfusion/ej2-inputs": "~20.3.47",
        "@syncfusion/ej2-lists": "~20.3.47",
        "@syncfusion/ej2-navigations": "~20.3.47",
        "@syncfusion/ej2-popups": "~20.3.47"
      }
    },
    "@syncfusion/ej2-splitbuttons": {
      "version": "20.3.47",
      "resolved": "https://registry.npmjs.org/@syncfusion/ej2-splitbuttons/-/ej2-splitbuttons-20.3.47.tgz",
      "integrity": "sha512-0yPicWMdBzXgUTz3R7kOftBF8T5PXWcirES9KqMeR2Nn1ERt7r7VCSaGlVVtevWmxdPMaRMbyql6taXqiP78Ug==",
      "requires": {
        "@syncfusion/ej2-base": "~20.3.47",
        "@syncfusion/ej2-popups": "~20.3.47"
      }
    },
    "bignumber.js": {
      "version": "9.0.0",
      "resolved": "https://registry.npmjs.org/bignumber.js/-/bignumber.js-9.0.0.tgz",
      "integrity": "sha512-t/OYhhJ2SD+YGBQcjY8GzzDHEk9f3nerxjtfa6tlMXfe7frs/WozhvCNoGvpM0P3bNf3Gq5ZRMlGr5f3r4/N8A=="
    },
    "core-util-is": {
      "version": "1.0.3",
      "resolved": "https://registry.npmjs.org/core-util-is/-/core-util-is-1.0.3.tgz",
      "integrity": "sha512-ZQBvi1DcpJ4GDqanjucZ2Hj3wEO5pZDS89BWbkcrvdxksJorwUDDZamX9ldFkp9aw2lmBDLgkObEA4DWNJ9FYQ=="
    },
    "inherits": {
      "version": "2.0.4",
      "resolved": "https://registry.npmjs.org/inherits/-/inherits-2.0.4.tgz",
      "integrity": "sha512-k/vGaX4/Yla3WzyMCvTQOXYeIHvqOKtnqBduzTHpzpQZzAskKMhZ2K+EnBiSM9zGSoIFeMpXKxa4dYeZIQqewQ=="
    },
    "isarray": {
      "version": "1.0.0",
      "resolved": "https://registry.npmjs.org/isarray/-/isarray-1.0.0.tgz",
      "integrity": "sha512-VLghIWNM6ELQzo7zwmcg0NmTVyWKYjvIeM83yjp0wRDTmUnrM678fQbcKBo6n2CJEF0szoG//ytg+TKla89ALQ=="
    },
    "mysql": {
      "version": "2.18.1",
      "resolved": "https://registry.npmjs.org/mysql/-/mysql-2.18.1.tgz",
      "integrity": "sha512-Bca+gk2YWmqp2Uf6k5NFEurwY/0td0cpebAucFpY/3jhrwrVGuxU2uQFCHjU19SJfje0yQvi+rVWdq78hR5lig==",
      "requires": {
        "bignumber.js": "9.0.0",
        "readable-stream": "2.3.7",
        "safe-buffer": "5.1.2",
        "sqlstring": "2.3.1"
      }
    },
    "process-nextick-args": {
      "version": "2.0.1",
      "resolved": "https://registry.npmjs.org/process-nextick-args/-/process-nextick-args-2.0.1.tgz",
      "integrity": "sha512-3ouUOpQhtgrbOa17J7+uxOTpITYWaGP7/AhoR3+A+/1e9skrzelGi/dXzEYyvbxubEF6Wn2ypscTKiKJFFn1ag=="
    },
    "readable-stream": {
      "version": "2.3.7",
      "resolved": "https://registry.npmjs.org/readable-stream/-/readable-stream-2.3.7.tgz",
      "integrity": "sha512-Ebho8K4jIbHAxnuxi7o42OrZgF/ZTNcsZj6nRKyUmkhLFq8CHItp/fy6hQZuZmP/n3yZ9VBUbp4zz/mX8hmYPw==",
      "requires": {
        "core-util-is": "~1.0.0",
        "inherits": "~2.0.3",
        "isarray": "~1.0.0",
        "process-nextick-args": "~2.0.0",
        "safe-buffer": "~5.1.1",
        "string_decoder": "~1.1.1",
        "util-deprecate": "~1.0.1"
      }
    },
    "safe-buffer": {
      "version": "5.1.2",
      "resolved": "https://registry.npmjs.org/safe-buffer/-/safe-buffer-5.1.2.tgz",
      "integrity": "sha512-Gd2UZBJDkXlY7GbJxfsE8/nvKkUEU1G38c1siN6QP6a9PT9MmHB8GnpscSmMJSoF8LOIrt8ud/wPtojys4G6+g=="
    },
    "sqlstring": {
      "version": "2.3.1",
      "resolved": "https://registry.npmjs.org/sqlstring/-/sqlstring-2.3.1.tgz",
      "integrity": "sha512-ooAzh/7dxIG5+uDik1z/Rd1vli0+38izZhGzSa34FwR7IbelPWCCKSNIl8jlL/F7ERvy8CB2jNeM1E9i9mXMAQ=="
    },
    "string_decoder": {
      "version": "1.1.1",
      "resolved": "https://registry.npmjs.org/string_decoder/-/string_decoder-1.1.1.tgz",
      "integrity": "sha512-n/ShnvDi6FHbbVfviro+WojiFzv+s8MPMHBczVePfUpDJLwoLT0ht1l4YwBCbi8pJAveEEdnkHyPyTP/mzRfwg==",
      "requires": {
        "safe-buffer": "~5.1.0"
      }
    },
    "util-deprecate": {
      "version": "1.0.2",
      "resolved": "https://registry.npmjs.org/util-deprecate/-/util-deprecate-1.0.2.tgz",
      "integrity": "sha512-EPD5q1uXyFxJpCrLnCc1nHnq3gOa6DZBocAIiI2TaSCA7VCJ1UJDMagCzIkXNsUYfD1daK//LTEQ8xiIbrHtcw=="
    }
  }
}
